<Solution>
  <Folder Name="/src/">
    <Project Path="src/ExcelETL.Application/ExcelETL.Application.csproj" />
    <Project Path="src/ExcelETL.BlazorAdmin/ExcelETL.BlazorAdmin.csproj" />
    <Project Path="src/ExcelETL.Domain/ExcelETL.Domain.csproj" />
    <Project Path="src/ExcelETL.Infrastructure/ExcelETL.Infrastructure.csproj" />
    <Project Path="src/ExcelETL.WebAPI/ExcelETL.WebAPI.csproj" />
  </Folder>
  <Folder Name="/tests/">
    <Project Path="tests/ExcelETL.Domain.Tests/ExcelETL.Domain.Tests.csproj" />
    <Project Path="tests/ExcelETL.WebAPI.Tests/ExcelETL.WebAPI.Tests.csproj" />
  </Folder>
</Solution>
